
Microsoft Visual Studio Solution File, Format Version 12.00
# Visual Studio Version 17
VisualStudioVersion = 17.4.33213.308
MinimumVisualStudioVersion = 10.0.40219.1
Project("{9A19103F-16F7-4668-BE54-9A1E7A4F7556}") = "TransPoster.Shared", "TransPoster.Shared\TransPoster.Shared.csproj", "{E2BE7141-46CC-4732-9F4B-B917351F664F}"
EndProject
Project("{9A19103F-16F7-4668-BE54-9A1E7A4F7556}") = "TransPoster.Data", "TransPoster.Data\TransPoster.Data.csproj", "{2CE8523F-E768-456B-99F2-F318F14ECD85}"
EndProject
Project("{9A19103F-16F7-4668-BE54-9A1E7A4F7556}") = "TransPoster.Mvc", "TransPoster.Mvc\TransPoster.Mvc.csproj", "{6E63B2B6-D860-48E3-B623-217754BA720C}"
EndProject
Global
	GlobalSection(SolutionConfigurationPlatforms) = preSolution
		Debug|Any CPU = Debug|Any CPU
		Release|Any CPU = Release|Any CPU
	EndGlobalSection
	GlobalSection(ProjectConfigurationPlatforms) = postSolution
		{E2BE7141-46CC-4732-9F4B-B917351F664F}.Debug|Any CPU.ActiveCfg = Debug|Any CPU
		{E2BE7141-46CC-4732-9F4B-B917351F664F}.Debug|Any CPU.Build.0 = Debug|Any CPU
		{E2BE7141-46CC-4732-9F4B-B917351F664F}.Release|Any CPU.ActiveCfg = Release|Any CPU
		{E2BE7141-46CC-4732-9F4B-B917351F664F}.Release|Any CPU.Build.0 = Release|Any CPU
		{2CE8523F-E768-456B-99F2-F318F14ECD85}.Debug|Any CPU.ActiveCfg = Debug|Any CPU
		{2CE8523F-E768-456B-99F2-F318F14ECD85}.Debug|Any CPU.Build.0 = Debug|Any CPU
		{2CE8523F-E768-456B-99F2-F318F14ECD85}.Release|Any CPU.ActiveCfg = Release|Any CPU
		{2CE8523F-E768-456B-99F2-F318F14ECD85}.Release|Any CPU.Build.0 = Release|Any CPU
		{6E63B2B6-D860-48E3-B623-217754BA720C}.Debug|Any CPU.ActiveCfg = Debug|Any CPU
		{6E63B2B6-D860-48E3-B623-217754BA720C}.Debug|Any CPU.Build.0 = Debug|Any CPU
		{6E63B2B6-D860-48E3-B623-217754BA720C}.Release|Any CPU.ActiveCfg = Release|Any CPU
		{6E63B2B6-D860-48E3-B623-217754BA720C}.Release|Any CPU.Build.0 = Release|Any CPU
	EndGlobalSection
	GlobalSection(SolutionProperties) = preSolution
		HideSolutionNode = FALSE
	EndGlobalSection
	GlobalSection(ExtensibilityGlobals) = postSolution
		SolutionGuid = {27C548F3-91FC-463D-BF47-954688D57229}
	EndGlobalSection
EndGlobal
